
Microsoft Visual Studio Solution File, Format Version 12.00
# Visual Studio Version 17
VisualStudioVersion = 17.3.32819.101
MinimumVisualStudioVersion = 10.0.40219.1
Project("{FAE04EC0-301F-11D3-BF4B-00C04F79EFBC}") = "Calc", "Calc\Calc.csproj", "{ED3E52DF-97EE-4C38-A2DA-CF45803EE661}"
EndProject
Global
	GlobalSection(SolutionConfigurationPlatforms) = preSolution
		Debug|Any CPU = Debug|Any CPU
		Release|Any CPU = Release|Any CPU
	EndGlobalSection
	GlobalSection(ProjectConfigurationPlatforms) = postSolution
		{ED3E52DF-97EE-4C38-A2DA-CF45803EE661}.Debug|Any CPU.ActiveCfg = Debug|Any CPU
		{ED3E52DF-97EE-4C38-A2DA-CF45803EE661}.Debug|Any CPU.Build.0 = Debug|Any CPU
		{ED3E52DF-97EE-4C38-A2DA-CF45803EE661}.Release|Any CPU.ActiveCfg = Release|Any CPU
		{ED3E52DF-97EE-4C38-A2DA-CF45803EE661}.Release|Any CPU.Build.0 = Release|Any CPU
	EndGlobalSection
	GlobalSection(SolutionProperties) = preSolution
		HideSolutionNode = FALSE
	EndGlobalSection
	GlobalSection(ExtensibilityGlobals) = postSolution
		SolutionGuid = {C87F3971-C210-4623-8D12-6EA347C49362}
	EndGlobalSection
EndGlobal
